
Microsoft Visual Studio Solution File, Format Version 12.00
# Visual Studio Version 16
VisualStudioVersion = 16.0.29503.13
MinimumVisualStudioVersion = 10.0.40219.1
Project("{FAE04EC0-301F-11D3-BF4B-00C04F79EFBC}") = "backupckeckpoint", "backupckeckpoint.csproj", "{01D85FF8-F875-40D9-8860-6CF3C1E70A73}"
EndProject
Global
	GlobalSection(SolutionConfigurationPlatforms) = preSolution
		Debug|Any CPU = Debug|Any CPU
		Release|Any CPU = Release|Any CPU
	EndGlobalSection
	GlobalSection(ProjectConfigurationPlatforms) = postSolution
		{01D85FF8-F875-40D9-8860-6CF3C1E70A73}.Debug|Any CPU.ActiveCfg = Debug|Any CPU
		{01D85FF8-F875-40D9-8860-6CF3C1E70A73}.Debug|Any CPU.Build.0 = Debug|Any CPU
		{01D85FF8-F875-40D9-8860-6CF3C1E70A73}.Release|Any CPU.ActiveCfg = Release|Any CPU
		{01D85FF8-F875-40D9-8860-6CF3C1E70A73}.Release|Any CPU.Build.0 = Release|Any CPU
	EndGlobalSection
	GlobalSection(SolutionProperties) = preSolution
		HideSolutionNode = FALSE
	EndGlobalSection
	GlobalSection(ExtensibilityGlobals) = postSolution
		SolutionGuid = {EB4E22FF-60C3-472D-BA8F-392F24B20CF5}
	EndGlobalSection
EndGlobal
